
Microsoft Visual Studio Solution File, Format Version 12.00
# Visual Studio 2013
VisualStudioVersion = 12.0.40629.0
MinimumVisualStudioVersion = 10.0.40219.1
Project("{2150E333-8FDC-42A3-9474-1A3956D46DE8}") = "Engine", "Engine", "{758B0E86-FF85-4AC5-B5F1-A6EFD5728ECC}"
EndProject
Project("{2150E333-8FDC-42A3-9474-1A3956D46DE8}") = "Games", "Games", "{48F89D82-9AC1-4D21-8B8E-D2156FDB70E1}"
EndProject
Project("{8BC9CEB8-8B4A-11D0-8D11-00A0C91BC942}") = "UE4", "Intermediate\ProjectFiles\UE4.vcxproj", "{720F07DD-D20E-4857-85A0-F209B11732A6}"
EndProject
Project("{8BC9CEB8-8B4A-11D0-8D11-00A0C91BC942}") = "AgentSlickUE4", "Intermediate\ProjectFiles\AgentSlickUE4.vcxproj", "{91B3BA78-06DF-428D-8705-EF4B3ECAAA64}"
EndProject
Global
	GlobalSection(SolutionConfigurationPlatforms) = preSolution
		DebugGame Editor|Win32 = DebugGame Editor|Win32
		DebugGame Editor|Win64 = DebugGame Editor|Win64
		DebugGame|Win32 = DebugGame|Win32
		DebugGame|Win64 = DebugGame|Win64
		Development Editor|Win32 = Development Editor|Win32
		Development Editor|Win64 = Development Editor|Win64
		Development|Win32 = Development|Win32
		Development|Win64 = Development|Win64
		Shipping|Win32 = Shipping|Win32
		Shipping|Win64 = Shipping|Win64
	EndGlobalSection
	GlobalSection(ProjectConfigurationPlatforms) = postSolution
		{720F07DD-D20E-4857-85A0-F209B11732A6}.DebugGame Editor|Win32.ActiveCfg = BuiltWithUnrealBuildTool|Win32
		{720F07DD-D20E-4857-85A0-F209B11732A6}.DebugGame Editor|Win32.Build.0 = BuiltWithUnrealBuildTool|Win32
		{720F07DD-D20E-4857-85A0-F209B11732A6}.DebugGame Editor|Win64.ActiveCfg = BuiltWithUnrealBuildTool|Win32
		{720F07DD-D20E-4857-85A0-F209B11732A6}.DebugGame|Win32.ActiveCfg = BuiltWithUnrealBuildTool|Win32
		{720F07DD-D20E-4857-85A0-F209B11732A6}.DebugGame|Win32.Build.0 = BuiltWithUnrealBuildTool|Win32
		{720F07DD-D20E-4857-85A0-F209B11732A6}.DebugGame|Win64.ActiveCfg = BuiltWithUnrealBuildTool|Win32
		{720F07DD-D20E-4857-85A0-F209B11732A6}.Development Editor|Win32.ActiveCfg = BuiltWithUnrealBuildTool|Win32
		{720F07DD-D20E-4857-85A0-F209B11732A6}.Development Editor|Win32.Build.0 = BuiltWithUnrealBuildTool|Win32
		{720F07DD-D20E-4857-85A0-F209B11732A6}.Development Editor|Win64.ActiveCfg = BuiltWithUnrealBuildTool|Win32
		{720F07DD-D20E-4857-85A0-F209B11732A6}.Development|Win32.ActiveCfg = BuiltWithUnrealBuildTool|Win32
		{720F07DD-D20E-4857-85A0-F209B11732A6}.Development|Win32.Build.0 = BuiltWithUnrealBuildTool|Win32
		{720F07DD-D20E-4857-85A0-F209B11732A6}.Development|Win64.ActiveCfg = BuiltWithUnrealBuildTool|Win32
		{720F07DD-D20E-4857-85A0-F209B11732A6}.Shipping|Win32.ActiveCfg = BuiltWithUnrealBuildTool|Win32
		{720F07DD-D20E-4857-85A0-F209B11732A6}.Shipping|Win32.Build.0 = BuiltWithUnrealBuildTool|Win32
		{720F07DD-D20E-4857-85A0-F209B11732A6}.Shipping|Win64.ActiveCfg = BuiltWithUnrealBuildTool|Win32
		{91B3BA78-06DF-428D-8705-EF4B3ECAAA64}.DebugGame Editor|Win32.ActiveCfg = DebugGame_Editor|Win32
		{91B3BA78-06DF-428D-8705-EF4B3ECAAA64}.DebugGame Editor|Win32.Build.0 = DebugGame_Editor|Win32
		{91B3BA78-06DF-428D-8705-EF4B3ECAAA64}.DebugGame Editor|Win64.ActiveCfg = DebugGame_Editor|x64
		{91B3BA78-06DF-428D-8705-EF4B3ECAAA64}.DebugGame Editor|Win64.Build.0 = DebugGame_Editor|x64
		{91B3BA78-06DF-428D-8705-EF4B3ECAAA64}.DebugGame|Win32.ActiveCfg = DebugGame_Game|Win32
		{91B3BA78-06DF-428D-8705-EF4B3ECAAA64}.DebugGame|Win32.Build.0 = DebugGame_Game|Win32
		{91B3BA78-06DF-428D-8705-EF4B3ECAAA64}.DebugGame|Win64.ActiveCfg = DebugGame_Game|x64
		{91B3BA78-06DF-428D-8705-EF4B3ECAAA64}.DebugGame|Win64.Build.0 = DebugGame_Game|x64
		{91B3BA78-06DF-428D-8705-EF4B3ECAAA64}.Development Editor|Win32.ActiveCfg = Development_Editor|Win32
		{91B3BA78-06DF-428D-8705-EF4B3ECAAA64}.Development Editor|Win32.Build.0 = Development_Editor|Win32
		{91B3BA78-06DF-428D-8705-EF4B3ECAAA64}.Development Editor|Win64.ActiveCfg = Development_Editor|x64
		{91B3BA78-06DF-428D-8705-EF4B3ECAAA64}.Development Editor|Win64.Build.0 = Development_Editor|x64
		{91B3BA78-06DF-428D-8705-EF4B3ECAAA64}.Development|Win32.ActiveCfg = Development_Game|Win32
		{91B3BA78-06DF-428D-8705-EF4B3ECAAA64}.Development|Win32.Build.0 = Development_Game|Win32
		{91B3BA78-06DF-428D-8705-EF4B3ECAAA64}.Development|Win64.ActiveCfg = Development_Game|x64
		{91B3BA78-06DF-428D-8705-EF4B3ECAAA64}.Development|Win64.Build.0 = Development_Game|x64
		{91B3BA78-06DF-428D-8705-EF4B3ECAAA64}.Shipping|Win32.ActiveCfg = Shipping_Game|Win32
		{91B3BA78-06DF-428D-8705-EF4B3ECAAA64}.Shipping|Win32.Build.0 = Shipping_Game|Win32
		{91B3BA78-06DF-428D-8705-EF4B3ECAAA64}.Shipping|Win64.ActiveCfg = Shipping_Game|x64
		{91B3BA78-06DF-428D-8705-EF4B3ECAAA64}.Shipping|Win64.Build.0 = Shipping_Game|x64
	EndGlobalSection
	GlobalSection(SolutionProperties) = preSolution
		HideSolutionNode = FALSE
	EndGlobalSection
	GlobalSection(NestedProjects) = preSolution
		{720F07DD-D20E-4857-85A0-F209B11732A6} = {758B0E86-FF85-4AC5-B5F1-A6EFD5728ECC}
		{91B3BA78-06DF-428D-8705-EF4B3ECAAA64} = {48F89D82-9AC1-4D21-8B8E-D2156FDB70E1}
	EndGlobalSection
EndGlobal
