
Microsoft Visual Studio Solution File, Format Version 12.00
# Visual Studio 14
VisualStudioVersion = 14.0.23107.0
MinimumVisualStudioVersion = 10.0.40219.1
Project("{2150E333-8FDC-42A3-9474-1A3956D46DE8}") = "Engine", "Engine", "{893DA8D1-F4C0-4285-AF73-C7F6532D3AA3}"
EndProject
Project("{2150E333-8FDC-42A3-9474-1A3956D46DE8}") = "Games", "Games", "{1AF39A41-D355-48D6-890D-41751D83781D}"
EndProject
Project("{8BC9CEB8-8B4A-11D0-8D11-00A0C91BC942}") = "UE4", "Intermediate\ProjectFiles\UE4.vcxproj", "{90AE13C0-EB68-4170-8AE7-69E88CD12DCE}"
EndProject
Project("{8BC9CEB8-8B4A-11D0-8D11-00A0C91BC942}") = "MobileAgentSlick", "Intermediate\ProjectFiles\MobileAgentSlick.vcxproj", "{AB612C13-73FD-4D8D-9E9A-BDA257347F78}"
EndProject
Global
	GlobalSection(SolutionConfigurationPlatforms) = preSolution
		DebugGame Editor|Win32 = DebugGame Editor|Win32
		DebugGame Editor|Win64 = DebugGame Editor|Win64
		DebugGame|Win32 = DebugGame|Win32
		DebugGame|Win64 = DebugGame|Win64
		Development Editor|Win32 = Development Editor|Win32
		Development Editor|Win64 = Development Editor|Win64
		Development|Win32 = Development|Win32
		Development|Win64 = Development|Win64
		Shipping|Win32 = Shipping|Win32
		Shipping|Win64 = Shipping|Win64
	EndGlobalSection
	GlobalSection(ProjectConfigurationPlatforms) = postSolution
		{90AE13C0-EB68-4170-8AE7-69E88CD12DCE}.DebugGame Editor|Win32.ActiveCfg = BuiltWithUnrealBuildTool|Win32
		{90AE13C0-EB68-4170-8AE7-69E88CD12DCE}.DebugGame Editor|Win32.Build.0 = BuiltWithUnrealBuildTool|Win32
		{90AE13C0-EB68-4170-8AE7-69E88CD12DCE}.DebugGame Editor|Win64.ActiveCfg = BuiltWithUnrealBuildTool|Win32
		{90AE13C0-EB68-4170-8AE7-69E88CD12DCE}.DebugGame Editor|Win64.Build.0 = BuiltWithUnrealBuildTool|Win32
		{90AE13C0-EB68-4170-8AE7-69E88CD12DCE}.DebugGame|Win32.ActiveCfg = BuiltWithUnrealBuildTool|Win32
		{90AE13C0-EB68-4170-8AE7-69E88CD12DCE}.DebugGame|Win32.Build.0 = BuiltWithUnrealBuildTool|Win32
		{90AE13C0-EB68-4170-8AE7-69E88CD12DCE}.DebugGame|Win64.ActiveCfg = BuiltWithUnrealBuildTool|Win32
		{90AE13C0-EB68-4170-8AE7-69E88CD12DCE}.DebugGame|Win64.Build.0 = BuiltWithUnrealBuildTool|Win32
		{90AE13C0-EB68-4170-8AE7-69E88CD12DCE}.Development Editor|Win32.ActiveCfg = BuiltWithUnrealBuildTool|Win32
		{90AE13C0-EB68-4170-8AE7-69E88CD12DCE}.Development Editor|Win32.Build.0 = BuiltWithUnrealBuildTool|Win32
		{90AE13C0-EB68-4170-8AE7-69E88CD12DCE}.Development Editor|Win64.ActiveCfg = BuiltWithUnrealBuildTool|Win32
		{90AE13C0-EB68-4170-8AE7-69E88CD12DCE}.Development Editor|Win64.Build.0 = BuiltWithUnrealBuildTool|Win32
		{90AE13C0-EB68-4170-8AE7-69E88CD12DCE}.Development|Win32.ActiveCfg = BuiltWithUnrealBuildTool|Win32
		{90AE13C0-EB68-4170-8AE7-69E88CD12DCE}.Development|Win32.Build.0 = BuiltWithUnrealBuildTool|Win32
		{90AE13C0-EB68-4170-8AE7-69E88CD12DCE}.Development|Win64.ActiveCfg = BuiltWithUnrealBuildTool|Win32
		{90AE13C0-EB68-4170-8AE7-69E88CD12DCE}.Development|Win64.Build.0 = BuiltWithUnrealBuildTool|Win32
		{90AE13C0-EB68-4170-8AE7-69E88CD12DCE}.Shipping|Win32.ActiveCfg = BuiltWithUnrealBuildTool|Win32
		{90AE13C0-EB68-4170-8AE7-69E88CD12DCE}.Shipping|Win32.Build.0 = BuiltWithUnrealBuildTool|Win32
		{90AE13C0-EB68-4170-8AE7-69E88CD12DCE}.Shipping|Win64.ActiveCfg = BuiltWithUnrealBuildTool|Win32
		{90AE13C0-EB68-4170-8AE7-69E88CD12DCE}.Shipping|Win64.Build.0 = BuiltWithUnrealBuildTool|Win32
		{AB612C13-73FD-4D8D-9E9A-BDA257347F78}.DebugGame Editor|Win32.ActiveCfg = DebugGame_Editor|Win32
		{AB612C13-73FD-4D8D-9E9A-BDA257347F78}.DebugGame Editor|Win32.Build.0 = DebugGame_Editor|Win32
		{AB612C13-73FD-4D8D-9E9A-BDA257347F78}.DebugGame Editor|Win64.ActiveCfg = DebugGame_Editor|x64
		{AB612C13-73FD-4D8D-9E9A-BDA257347F78}.DebugGame Editor|Win64.Build.0 = DebugGame_Editor|x64
		{AB612C13-73FD-4D8D-9E9A-BDA257347F78}.DebugGame|Win32.ActiveCfg = DebugGame_Game|Win32
		{AB612C13-73FD-4D8D-9E9A-BDA257347F78}.DebugGame|Win32.Build.0 = DebugGame_Game|Win32
		{AB612C13-73FD-4D8D-9E9A-BDA257347F78}.DebugGame|Win64.ActiveCfg = DebugGame_Game|x64
		{AB612C13-73FD-4D8D-9E9A-BDA257347F78}.DebugGame|Win64.Build.0 = DebugGame_Game|x64
		{AB612C13-73FD-4D8D-9E9A-BDA257347F78}.Development Editor|Win32.ActiveCfg = Development_Editor|Win32
		{AB612C13-73FD-4D8D-9E9A-BDA257347F78}.Development Editor|Win32.Build.0 = Development_Editor|Win32
		{AB612C13-73FD-4D8D-9E9A-BDA257347F78}.Development Editor|Win64.ActiveCfg = Development_Editor|x64
		{AB612C13-73FD-4D8D-9E9A-BDA257347F78}.Development Editor|Win64.Build.0 = Development_Editor|x64
		{AB612C13-73FD-4D8D-9E9A-BDA257347F78}.Development|Win32.ActiveCfg = Development_Game|Win32
		{AB612C13-73FD-4D8D-9E9A-BDA257347F78}.Development|Win32.Build.0 = Development_Game|Win32
		{AB612C13-73FD-4D8D-9E9A-BDA257347F78}.Development|Win64.ActiveCfg = Development_Game|x64
		{AB612C13-73FD-4D8D-9E9A-BDA257347F78}.Development|Win64.Build.0 = Development_Game|x64
		{AB612C13-73FD-4D8D-9E9A-BDA257347F78}.Shipping|Win32.ActiveCfg = Shipping_Game|Win32
		{AB612C13-73FD-4D8D-9E9A-BDA257347F78}.Shipping|Win32.Build.0 = Shipping_Game|Win32
		{AB612C13-73FD-4D8D-9E9A-BDA257347F78}.Shipping|Win64.ActiveCfg = Shipping_Game|x64
		{AB612C13-73FD-4D8D-9E9A-BDA257347F78}.Shipping|Win64.Build.0 = Shipping_Game|x64
	EndGlobalSection
	GlobalSection(SolutionProperties) = preSolution
		HideSolutionNode = FALSE
	EndGlobalSection
	GlobalSection(NestedProjects) = preSolution
		{90AE13C0-EB68-4170-8AE7-69E88CD12DCE} = {893DA8D1-F4C0-4285-AF73-C7F6532D3AA3}
		{AB612C13-73FD-4D8D-9E9A-BDA257347F78} = {1AF39A41-D355-48D6-890D-41751D83781D}
	EndGlobalSection
EndGlobal
